// !$*UTF8*$!
{
	archiveVersion = 1;
	classes = {
	};
	objectVersion = 46;
	objects = {

/* Begin PBXBuildFile section */
		A7CED6D71AD62E4900B24C6B /* do_BaiduLocation_SM.mm in Sources */ = {isa = PBXBuildFile; fileRef = A7CED6D61AD62E4900B24C6B /* do_BaiduLocation_SM.mm */; };
		A7CED6DB1AD6509300B24C6B /* libDoCore.a in Frameworks */ = {isa = PBXBuildFile; fileRef = A7CED6DA1AD6509300B24C6B /* libDoCore.a */; };
		A7CED7541AD650F000B24C6B /* libbaidumapapi.a in Frameworks */ = {isa = PBXBuildFile; fileRef = A7CED7521AD650F000B24C6B /* libbaidumapapi.a */; };
/* End PBXBuildFile section */

/* Begin PBXCopyFilesBuildPhase section */
		A4E1EABB1A778F1700F0B3CE /* CopyFiles */ = {
			isa = PBXCopyFilesBuildPhase;
			buildActionMask = 2147483647;
			dstPath = "include/$(PRODUCT_NAME)";
			dstSubfolderSpec = 16;
			files = (
			);
			runOnlyForDeploymentPostprocessing = 0;
		};
/* End PBXCopyFilesBuildPhase section */

/* Begin PBXFileReference section */
		A4E1EABD1A778F1700F0B3CE /* libDoBaiduLocation_SM.a */ = {isa = PBXFileReference; explicitFileType = archive.ar; includeInIndex = 0; path = libDoBaiduLocation_SM.a; sourceTree = BUILT_PRODUCTS_DIR; };
		A4E1EADC1A778F8200F0B3CE /* DoBaiduLocation_SM.bundle */ = {isa = PBXFileReference; lastKnownFileType = "wrapper.plug-in"; path = DoBaiduLocation_SM.bundle; sourceTree = "<group>"; };
		A7CED6D41AD62E4000B24C6B /* do_BaiduLocation_ISM.h */ = {isa = PBXFileReference; fileEncoding = 4; lastKnownFileType = sourcecode.c.h; path = do_BaiduLocation_ISM.h; sourceTree = "<group>"; };
		A7CED6D51AD62E4900B24C6B /* do_BaiduLocation_SM.h */ = {isa = PBXFileReference; fileEncoding = 4; lastKnownFileType = sourcecode.c.h; path = do_BaiduLocation_SM.h; sourceTree = "<group>"; };
		A7CED6D61AD62E4900B24C6B /* do_BaiduLocation_SM.mm */ = {isa = PBXFileReference; fileEncoding = 4; lastKnownFileType = sourcecode.cpp.objcpp; path = do_BaiduLocation_SM.mm; sourceTree = "<group>"; };
		A7CED6D91AD6504E00B24C6B /* mapapi.bundle */ = {isa = PBXFileReference; lastKnownFileType = "wrapper.plug-in"; name = mapapi.bundle; path = ../../../../IOS/doDebuger/mapapi.bundle; sourceTree = "<group>"; };
		A7CED6DA1AD6509300B24C6B /* libDoCore.a */ = {isa = PBXFileReference; lastKnownFileType = archive.ar; name = libDoCore.a; path = ../../../../IOS/doLib/doCore/libDoCore.a; sourceTree = "<group>"; };
		A7CED6DD1AD650C200B24C6B /* doAssetLaunchImage.h */ = {isa = PBXFileReference; fileEncoding = 4; lastKnownFileType = sourcecode.c.h; path = doAssetLaunchImage.h; sourceTree = "<group>"; };
		A7CED6DE1AD650C200B24C6B /* doCallBackTask.h */ = {isa = PBXFileReference; fileEncoding = 4; lastKnownFileType = sourcecode.c.h; path = doCallBackTask.h; sourceTree = "<group>"; };
		A7CED6DF1AD650C200B24C6B /* doDefines.h */ = {isa = PBXFileReference; fileEncoding = 4; lastKnownFileType = sourcecode.c.h; path = doDefines.h; sourceTree = "<group>"; };
		A7CED6E01AD650C200B24C6B /* doEventCenter.h */ = {isa = PBXFileReference; fileEncoding = 4; lastKnownFileType = sourcecode.c.h; path = doEventCenter.h; sourceTree = "<group>"; };
		A7CED6E11AD650C200B24C6B /* doEventCollection.h */ = {isa = PBXFileReference; fileEncoding = 4; lastKnownFileType = sourcecode.c.h; path = doEventCollection.h; sourceTree = "<group>"; };
		A7CED6E21AD650C200B24C6B /* doFileCacheHelper.h */ = {isa = PBXFileReference; fileEncoding = 4; lastKnownFileType = sourcecode.c.h; path = doFileCacheHelper.h; sourceTree = "<group>"; };
		A7CED6E31AD650C200B24C6B /* doIAnimation.h */ = {isa = PBXFileReference; fileEncoding = 4; lastKnownFileType = sourcecode.c.h; path = doIAnimation.h; sourceTree = "<group>"; };
		A7CED6E41AD650C200B24C6B /* doIApp.h */ = {isa = PBXFileReference; fileEncoding = 4; lastKnownFileType = sourcecode.c.h; path = doIApp.h; sourceTree = "<group>"; };
		A7CED6E51AD650C200B24C6B /* doIConfig.h */ = {isa = PBXFileReference; fileEncoding = 4; lastKnownFileType = sourcecode.c.h; path = doIConfig.h; sourceTree = "<group>"; };
		A7CED6E61AD650C200B24C6B /* doIDataFS.h */ = {isa = PBXFileReference; fileEncoding = 4; lastKnownFileType = sourcecode.c.h; path = doIDataFS.h; sourceTree = "<group>"; };
		A7CED6E71AD650C200B24C6B /* doIDataModule.h */ = {isa = PBXFileReference; fileEncoding = 4; lastKnownFileType = sourcecode.c.h; path = doIDataModule.h; sourceTree = "<group>"; };
		A7CED6E81AD650C200B24C6B /* doIDataSource.h */ = {isa = PBXFileReference; fileEncoding = 4; lastKnownFileType = sourcecode.c.h; path = doIDataSource.h; sourceTree = "<group>"; };
		A7CED6E91AD650C200B24C6B /* doIGlobal.h */ = {isa = PBXFileReference; fileEncoding = 4; lastKnownFileType = sourcecode.c.h; path = doIGlobal.h; sourceTree = "<group>"; };
		A7CED6EA1AD650C200B24C6B /* doIHtmlJavaScript.h */ = {isa = PBXFileReference; fileEncoding = 4; lastKnownFileType = sourcecode.c.h; path = doIHtmlJavaScript.h; sourceTree = "<group>"; };
		A7CED6EB1AD650C200B24C6B /* doII18NEngine.h */ = {isa = PBXFileReference; fileEncoding = 4; lastKnownFileType = sourcecode.c.h; path = doII18NEngine.h; sourceTree = "<group>"; };
		A7CED6EC1AD650C200B24C6B /* doIListData.h */ = {isa = PBXFileReference; fileEncoding = 4; lastKnownFileType = sourcecode.c.h; path = doIListData.h; sourceTree = "<group>"; };
		A7CED6ED1AD650C200B24C6B /* doILogEngine.h */ = {isa = PBXFileReference; fileEncoding = 4; lastKnownFileType = sourcecode.c.h; path = doILogEngine.h; sourceTree = "<group>"; };
		A7CED6EE1AD650C200B24C6B /* doIModuleExtManage.h */ = {isa = PBXFileReference; fileEncoding = 4; lastKnownFileType = sourcecode.c.h; path = doIModuleExtManage.h; sourceTree = "<group>"; };
		A7CED6EF1AD650C200B24C6B /* doIMultitonModuleFactory.h */ = {isa = PBXFileReference; fileEncoding = 4; lastKnownFileType = sourcecode.c.h; path = doIMultitonModuleFactory.h; sourceTree = "<group>"; };
		A7CED6F01AD650C200B24C6B /* doIMultitonModuleGroup.h */ = {isa = PBXFileReference; fileEncoding = 4; lastKnownFileType = sourcecode.c.h; path = doIMultitonModuleGroup.h; sourceTree = "<group>"; };
		A7CED6F11AD650C200B24C6B /* doInvokeResult.h */ = {isa = PBXFileReference; fileEncoding = 4; lastKnownFileType = sourcecode.c.h; path = doInvokeResult.h; sourceTree = "<group>"; };
		A7CED6F21AD650C200B24C6B /* doIOHelper.h */ = {isa = PBXFileReference; fileEncoding = 4; lastKnownFileType = sourcecode.c.h; path = doIOHelper.h; sourceTree = "<group>"; };
		A7CED6F31AD650C200B24C6B /* doIPage.h */ = {isa = PBXFileReference; fileEncoding = 4; lastKnownFileType = sourcecode.c.h; path = doIPage.h; sourceTree = "<group>"; };
		A7CED6F41AD650C200B24C6B /* doIPageFactory.h */ = {isa = PBXFileReference; fileEncoding = 4; lastKnownFileType = sourcecode.c.h; path = doIPageFactory.h; sourceTree = "<group>"; };
		A7CED6F51AD650C200B24C6B /* doIPageView.h */ = {isa = PBXFileReference; fileEncoding = 4; lastKnownFileType = sourcecode.c.h; path = doIPageView.h; sourceTree = "<group>"; };
		A7CED6F61AD650C200B24C6B /* doIPageViewFactory.h */ = {isa = PBXFileReference; fileEncoding = 4; lastKnownFileType = sourcecode.c.h; path = doIPageViewFactory.h; sourceTree = "<group>"; };
		A7CED6F71AD650C200B24C6B /* doIScriptEngine.h */ = {isa = PBXFileReference; fileEncoding = 4; lastKnownFileType = sourcecode.c.h; path = doIScriptEngine.h; sourceTree = "<group>"; };
		A7CED6F81AD650C200B24C6B /* doIScriptEngineFactory.h */ = {isa = PBXFileReference; fileEncoding = 4; lastKnownFileType = sourcecode.c.h; path = doIScriptEngineFactory.h; sourceTree = "<group>"; };
		A7CED6F91AD650C200B24C6B /* doIScriptEngineGroup.h */ = {isa = PBXFileReference; fileEncoding = 4; lastKnownFileType = sourcecode.c.h; path = doIScriptEngineGroup.h; sourceTree = "<group>"; };
		A7CED6FA1AD650C200B24C6B /* doISingletonModuleFactory.h */ = {isa = PBXFileReference; fileEncoding = 4; lastKnownFileType = sourcecode.c.h; path = doISingletonModuleFactory.h; sourceTree = "<group>"; };
		A7CED6FB1AD650C200B24C6B /* doISingletonModuleGroup.h */ = {isa = PBXFileReference; fileEncoding = 4; lastKnownFileType = sourcecode.c.h; path = doISingletonModuleGroup.h; sourceTree = "<group>"; };
		A7CED6FC1AD650C200B24C6B /* doISourceFS.h */ = {isa = PBXFileReference; fileEncoding = 4; lastKnownFileType = sourcecode.c.h; path = doISourceFS.h; sourceTree = "<group>"; };
		A7CED6FD1AD650C200B24C6B /* doIUIModuleFactory.h */ = {isa = PBXFileReference; fileEncoding = 4; lastKnownFileType = sourcecode.c.h; path = doIUIModuleFactory.h; sourceTree = "<group>"; };
		A7CED6FE1AD650C200B24C6B /* doIUIModuleGroup.h */ = {isa = PBXFileReference; fileEncoding = 4; lastKnownFileType = sourcecode.c.h; path = doIUIModuleGroup.h; sourceTree = "<group>"; };
		A7CED6FF1AD650C200B24C6B /* doIUIModuleView.h */ = {isa = PBXFileReference; fileEncoding = 4; lastKnownFileType = sourcecode.c.h; path = doIUIModuleView.h; sourceTree = "<group>"; };
		A7CED7001AD650C200B24C6B /* doJsonHelper.h */ = {isa = PBXFileReference; fileEncoding = 4; lastKnownFileType = sourcecode.c.h; path = doJsonHelper.h; sourceTree = "<group>"; };
		A7CED7011AD650C200B24C6B /* doJsonNode.h */ = {isa = PBXFileReference; fileEncoding = 4; lastKnownFileType = sourcecode.c.h; path = doJsonNode.h; sourceTree = "<group>"; };
		A7CED7021AD650C200B24C6B /* doJsonValue.h */ = {isa = PBXFileReference; fileEncoding = 4; lastKnownFileType = sourcecode.c.h; path = doJsonValue.h; sourceTree = "<group>"; };
		A7CED7031AD650C200B24C6B /* doModule.h */ = {isa = PBXFileReference; fileEncoding = 4; lastKnownFileType = sourcecode.c.h; path = doModule.h; sourceTree = "<group>"; };
		A7CED7041AD650C200B24C6B /* doModuleBase.h */ = {isa = PBXFileReference; fileEncoding = 4; lastKnownFileType = sourcecode.c.h; path = doModuleBase.h; sourceTree = "<group>"; };
		A7CED7051AD650C200B24C6B /* doMultitonModule.h */ = {isa = PBXFileReference; fileEncoding = 4; lastKnownFileType = sourcecode.c.h; path = doMultitonModule.h; sourceTree = "<group>"; };
		A7CED7061AD650C200B24C6B /* doProperty.h */ = {isa = PBXFileReference; fileEncoding = 4; lastKnownFileType = sourcecode.c.h; path = doProperty.h; sourceTree = "<group>"; };
		A7CED7071AD650C200B24C6B /* doScriptEngineHelper.h */ = {isa = PBXFileReference; fileEncoding = 4; lastKnownFileType = sourcecode.c.h; path = doScriptEngineHelper.h; sourceTree = "<group>"; };
		A7CED7081AD650C200B24C6B /* doServiceContainer.h */ = {isa = PBXFileReference; fileEncoding = 4; lastKnownFileType = sourcecode.c.h; path = doServiceContainer.h; sourceTree = "<group>"; };
		A7CED7091AD650C200B24C6B /* doSingletonModule.h */ = {isa = PBXFileReference; fileEncoding = 4; lastKnownFileType = sourcecode.c.h; path = doSingletonModule.h; sourceTree = "<group>"; };
		A7CED70A1AD650C200B24C6B /* doSingletonModuleHelper.h */ = {isa = PBXFileReference; fileEncoding = 4; lastKnownFileType = sourcecode.c.h; path = doSingletonModuleHelper.h; sourceTree = "<group>"; };
		A7CED70B1AD650C200B24C6B /* doSourceFile.h */ = {isa = PBXFileReference; fileEncoding = 4; lastKnownFileType = sourcecode.c.h; path = doSourceFile.h; sourceTree = "<group>"; };
		A7CED70C1AD650C200B24C6B /* doStack.h */ = {isa = PBXFileReference; fileEncoding = 4; lastKnownFileType = sourcecode.c.h; path = doStack.h; sourceTree = "<group>"; };
		A7CED70D1AD650C200B24C6B /* doTextHelper.h */ = {isa = PBXFileReference; fileEncoding = 4; lastKnownFileType = sourcecode.c.h; path = doTextHelper.h; sourceTree = "<group>"; };
		A7CED70E1AD650C200B24C6B /* doUIContainer.h */ = {isa = PBXFileReference; fileEncoding = 4; lastKnownFileType = sourcecode.c.h; path = doUIContainer.h; sourceTree = "<group>"; };
		A7CED70F1AD650C200B24C6B /* doUIModule.h */ = {isa = PBXFileReference; fileEncoding = 4; lastKnownFileType = sourcecode.c.h; path = doUIModule.h; sourceTree = "<group>"; };
		A7CED7101AD650C200B24C6B /* doUIModuleCollection.h */ = {isa = PBXFileReference; fileEncoding = 4; lastKnownFileType = sourcecode.c.h; path = doUIModuleCollection.h; sourceTree = "<group>"; };
		A7CED7111AD650C200B24C6B /* doUIModuleHelper.h */ = {isa = PBXFileReference; fileEncoding = 4; lastKnownFileType = sourcecode.c.h; path = doUIModuleHelper.h; sourceTree = "<group>"; };
		A7CED7121AD650C200B24C6B /* NSData+DoBase64.h */ = {isa = PBXFileReference; fileEncoding = 4; lastKnownFileType = sourcecode.c.h; path = "NSData+DoBase64.h"; sourceTree = "<group>"; };
		A7CED7151AD650F000B24C6B /* BMapKit.h */ = {isa = PBXFileReference; fileEncoding = 4; lastKnownFileType = sourcecode.c.h; path = BMapKit.h; sourceTree = "<group>"; };
		A7CED7161AD650F000B24C6B /* BMKActionPaopaoView.h */ = {isa = PBXFileReference; fileEncoding = 4; lastKnownFileType = sourcecode.c.h; path = BMKActionPaopaoView.h; sourceTree = "<group>"; };
		A7CED7171AD650F000B24C6B /* BMKAnnotation.h */ = {isa = PBXFileReference; fileEncoding = 4; lastKnownFileType = sourcecode.c.h; path = BMKAnnotation.h; sourceTree = "<group>"; };
		A7CED7181AD650F000B24C6B /* BMKAnnotationView.h */ = {isa = PBXFileReference; fileEncoding = 4; lastKnownFileType = sourcecode.c.h; path = BMKAnnotationView.h; sourceTree = "<group>"; };
		A7CED7191AD650F000B24C6B /* BMKArcline.h */ = {isa = PBXFileReference; fileEncoding = 4; lastKnownFileType = sourcecode.c.h; path = BMKArcline.h; sourceTree = "<group>"; };
		A7CED71A1AD650F000B24C6B /* BMKArclineView.h */ = {isa = PBXFileReference; fileEncoding = 4; lastKnownFileType = sourcecode.c.h; path = BMKArclineView.h; sourceTree = "<group>"; };
		A7CED71B1AD650F000B24C6B /* BMKBaseComponent.h */ = {isa = PBXFileReference; fileEncoding = 4; lastKnownFileType = sourcecode.c.h; path = BMKBaseComponent.h; sourceTree = "<group>"; };
		A7CED71C1AD650F000B24C6B /* BMKBusLineSearch.h */ = {isa = PBXFileReference; fileEncoding = 4; lastKnownFileType = sourcecode.c.h; path = BMKBusLineSearch.h; sourceTree = "<group>"; };
		A7CED71D1AD650F000B24C6B /* BMKBusLineSearchOption.h */ = {isa = PBXFileReference; fileEncoding = 4; lastKnownFileType = sourcecode.c.h; path = BMKBusLineSearchOption.h; sourceTree = "<group>"; };
		A7CED71E1AD650F000B24C6B /* BMKCircle.h */ = {isa = PBXFileReference; fileEncoding = 4; lastKnownFileType = sourcecode.c.h; path = BMKCircle.h; sourceTree = "<group>"; };
		A7CED71F1AD650F000B24C6B /* BMKCircleView.h */ = {isa = PBXFileReference; fileEncoding = 4; lastKnownFileType = sourcecode.c.h; path = BMKCircleView.h; sourceTree = "<group>"; };
		A7CED7201AD650F000B24C6B /* BMKCloudPOIList.h */ = {isa = PBXFileReference; fileEncoding = 4; lastKnownFileType = sourcecode.c.h; path = BMKCloudPOIList.h; sourceTree = "<group>"; };
		A7CED7211AD650F000B24C6B /* BMKCloudSearch.h */ = {isa = PBXFileReference; fileEncoding = 4; lastKnownFileType = sourcecode.c.h; path = BMKCloudSearch.h; sourceTree = "<group>"; };
		A7CED7221AD650F000B24C6B /* BMKCloudSearchComponent.h */ = {isa = PBXFileReference; fileEncoding = 4; lastKnownFileType = sourcecode.c.h; path = BMKCloudSearchComponent.h; sourceTree = "<group>"; };
		A7CED7231AD650F000B24C6B /* BMKCloudSearchInfo.h */ = {isa = PBXFileReference; fileEncoding = 4; lastKnownFileType = sourcecode.c.h; path = BMKCloudSearchInfo.h; sourceTree = "<group>"; };
		A7CED7241AD650F000B24C6B /* BMKGeneralDelegate.h */ = {isa = PBXFileReference; fileEncoding = 4; lastKnownFileType = sourcecode.c.h; path = BMKGeneralDelegate.h; sourceTree = "<group>"; };
		A7CED7251AD650F000B24C6B /* BMKGeocodeSearch.h */ = {isa = PBXFileReference; fileEncoding = 4; lastKnownFileType = sourcecode.c.h; path = BMKGeocodeSearch.h; sourceTree = "<group>"; };
		A7CED7261AD650F000B24C6B /* BMKGeocodeSearchOption.h */ = {isa = PBXFileReference; fileEncoding = 4; lastKnownFileType = sourcecode.c.h; path = BMKGeocodeSearchOption.h; sourceTree = "<group>"; };
		A7CED7271AD650F000B24C6B /* BMKGeocodeType.h */ = {isa = PBXFileReference; fileEncoding = 4; lastKnownFileType = sourcecode.c.h; path = BMKGeocodeType.h; sourceTree = "<group>"; };
		A7CED7281AD650F000B24C6B /* BMKGeometry.h */ = {isa = PBXFileReference; fileEncoding = 4; lastKnownFileType = sourcecode.c.h; path = BMKGeometry.h; sourceTree = "<group>"; };
		A7CED7291AD650F000B24C6B /* BMKGradient.h */ = {isa = PBXFileReference; fileEncoding = 4; lastKnownFileType = sourcecode.c.h; path = BMKGradient.h; sourceTree = "<group>"; };
		A7CED72A1AD650F000B24C6B /* BMKGroundOverlay.h */ = {isa = PBXFileReference; fileEncoding = 4; lastKnownFileType = sourcecode.c.h; path = BMKGroundOverlay.h; sourceTree = "<group>"; };
		A7CED72B1AD650F000B24C6B /* BMKGroundOverlayView.h */ = {isa = PBXFileReference; fileEncoding = 4; lastKnownFileType = sourcecode.c.h; path = BMKGroundOverlayView.h; sourceTree = "<group>"; };
		A7CED72C1AD650F000B24C6B /* BMKHeatMap.h */ = {isa = PBXFileReference; fileEncoding = 4; lastKnownFileType = sourcecode.c.h; path = BMKHeatMap.h; sourceTree = "<group>"; };
		A7CED72D1AD650F000B24C6B /* BMKLocationComponent.h */ = {isa = PBXFileReference; fileEncoding = 4; lastKnownFileType = sourcecode.c.h; path = BMKLocationComponent.h; sourceTree = "<group>"; };
		A7CED72E1AD650F000B24C6B /* BMKLocationService.h */ = {isa = PBXFileReference; fileEncoding = 4; lastKnownFileType = sourcecode.c.h; path = BMKLocationService.h; sourceTree = "<group>"; };
		A7CED72F1AD650F000B24C6B /* BMKLocationViewDisplayParam.h */ = {isa = PBXFileReference; fileEncoding = 4; lastKnownFileType = sourcecode.c.h; path = BMKLocationViewDisplayParam.h; sourceTree = "<group>"; };
		A7CED7301AD650F000B24C6B /* BMKMapComponent.h */ = {isa = PBXFileReference; fileEncoding = 4; lastKnownFileType = sourcecode.c.h; path = BMKMapComponent.h; sourceTree = "<group>"; };
		A7CED7311AD650F000B24C6B /* BMKMapManager.h */ = {isa = PBXFileReference; fileEncoding = 4; lastKnownFileType = sourcecode.c.h; path = BMKMapManager.h; sourceTree = "<group>"; };
		A7CED7321AD650F000B24C6B /* BMKMapStatus.h */ = {isa = PBXFileReference; fileEncoding = 4; lastKnownFileType = sourcecode.c.h; path = BMKMapStatus.h; sourceTree = "<group>"; };
		A7CED7331AD650F000B24C6B /* BMKMapView.h */ = {isa = PBXFileReference; fileEncoding = 4; lastKnownFileType = sourcecode.c.h; path = BMKMapView.h; sourceTree = "<group>"; };
		A7CED7341AD650F000B24C6B /* BMKMultiPoint.h */ = {isa = PBXFileReference; fileEncoding = 4; lastKnownFileType = sourcecode.c.h; path = BMKMultiPoint.h; sourceTree = "<group>"; };
		A7CED7351AD650F000B24C6B /* BMKNavigation.h */ = {isa = PBXFileReference; fileEncoding = 4; lastKnownFileType = sourcecode.c.h; path = BMKNavigation.h; sourceTree = "<group>"; };
		A7CED7361AD650F000B24C6B /* BMKOfflineMap.h */ = {isa = PBXFileReference; fileEncoding = 4; lastKnownFileType = sourcecode.c.h; path = BMKOfflineMap.h; sourceTree = "<group>"; };
		A7CED7371AD650F000B24C6B /* BMKOfflineMapType.h */ = {isa = PBXFileReference; fileEncoding = 4; lastKnownFileType = sourcecode.c.h; path = BMKOfflineMapType.h; sourceTree = "<group>"; };
		A7CED7381AD650F000B24C6B /* BMKOverlay.h */ = {isa = PBXFileReference; fileEncoding = 4; lastKnownFileType = sourcecode.c.h; path = BMKOverlay.h; sourceTree = "<group>"; };
		A7CED7391AD650F000B24C6B /* BMKOverlayGLBasicView.h */ = {isa = PBXFileReference; fileEncoding = 4; lastKnownFileType = sourcecode.c.h; path = BMKOverlayGLBasicView.h; sourceTree = "<group>"; };
		A7CED73A1AD650F000B24C6B /* BMKOverlayPathView.h */ = {isa = PBXFileReference; fileEncoding = 4; lastKnownFileType = sourcecode.c.h; path = BMKOverlayPathView.h; sourceTree = "<group>"; };
		A7CED73B1AD650F000B24C6B /* BMKOverlayView.h */ = {isa = PBXFileReference; fileEncoding = 4; lastKnownFileType = sourcecode.c.h; path = BMKOverlayView.h; sourceTree = "<group>"; };
		A7CED73C1AD650F000B24C6B /* BMKPinAnnotationView.h */ = {isa = PBXFileReference; fileEncoding = 4; lastKnownFileType = sourcecode.c.h; path = BMKPinAnnotationView.h; sourceTree = "<group>"; };
		A7CED73D1AD650F000B24C6B /* BMKPointAnnotation.h */ = {isa = PBXFileReference; fileEncoding = 4; lastKnownFileType = sourcecode.c.h; path = BMKPointAnnotation.h; sourceTree = "<group>"; };
		A7CED73E1AD650F000B24C6B /* BMKPoiSearch.h */ = {isa = PBXFileReference; fileEncoding = 4; lastKnownFileType = sourcecode.c.h; path = BMKPoiSearch.h; sourceTree = "<group>"; };
		A7CED73F1AD650F000B24C6B /* BMKPoiSearchOption.h */ = {isa = PBXFileReference; fileEncoding = 4; lastKnownFileType = sourcecode.c.h; path = BMKPoiSearchOption.h; sourceTree = "<group>"; };
		A7CED7401AD650F000B24C6B /* BMKPoiSearchType.h */ = {isa = PBXFileReference; fileEncoding = 4; lastKnownFileType = sourcecode.c.h; path = BMKPoiSearchType.h; sourceTree = "<group>"; };
		A7CED7411AD650F000B24C6B /* BMKPolygon.h */ = {isa = PBXFileReference; fileEncoding = 4; lastKnownFileType = sourcecode.c.h; path = BMKPolygon.h; sourceTree = "<group>"; };
		A7CED7421AD650F000B24C6B /* BMKPolygonView.h */ = {isa = PBXFileReference; fileEncoding = 4; lastKnownFileType = sourcecode.c.h; path = BMKPolygonView.h; sourceTree = "<group>"; };
		A7CED7431AD650F000B24C6B /* BMKPolyline.h */ = {isa = PBXFileReference; fileEncoding = 4; lastKnownFileType = sourcecode.c.h; path = BMKPolyline.h; sourceTree = "<group>"; };
		A7CED7441AD650F000B24C6B /* BMKPolylineView.h */ = {isa = PBXFileReference; fileEncoding = 4; lastKnownFileType = sourcecode.c.h; path = BMKPolylineView.h; sourceTree = "<group>"; };
		A7CED7451AD650F000B24C6B /* BMKRouteSearch.h */ = {isa = PBXFileReference; fileEncoding = 4; lastKnownFileType = sourcecode.c.h; path = BMKRouteSearch.h; sourceTree = "<group>"; };
		A7CED7461AD650F000B24C6B /* BMKRouteSearchOption.h */ = {isa = PBXFileReference; fileEncoding = 4; lastKnownFileType = sourcecode.c.h; path = BMKRouteSearchOption.h; sourceTree = "<group>"; };
		A7CED7471AD650F000B24C6B /* BMKRouteSearchType.h */ = {isa = PBXFileReference; fileEncoding = 4; lastKnownFileType = sourcecode.c.h; path = BMKRouteSearchType.h; sourceTree = "<group>"; };
		A7CED7481AD650F000B24C6B /* BMKSearchComponent.h */ = {isa = PBXFileReference; fileEncoding = 4; lastKnownFileType = sourcecode.c.h; path = BMKSearchComponent.h; sourceTree = "<group>"; };
		A7CED7491AD650F000B24C6B /* BMKShape.h */ = {isa = PBXFileReference; fileEncoding = 4; lastKnownFileType = sourcecode.c.h; path = BMKShape.h; sourceTree = "<group>"; };
		A7CED74A1AD650F000B24C6B /* BMKShareURLSearch.h */ = {isa = PBXFileReference; fileEncoding = 4; lastKnownFileType = sourcecode.c.h; path = BMKShareURLSearch.h; sourceTree = "<group>"; };
		A7CED74B1AD650F000B24C6B /* BMKShareUrlSearchOption.h */ = {isa = PBXFileReference; fileEncoding = 4; lastKnownFileType = sourcecode.c.h; path = BMKShareUrlSearchOption.h; sourceTree = "<group>"; };
		A7CED74C1AD650F000B24C6B /* BMKSuggestionSearch.h */ = {isa = PBXFileReference; fileEncoding = 4; lastKnownFileType = sourcecode.c.h; path = BMKSuggestionSearch.h; sourceTree = "<group>"; };
		A7CED74D1AD650F000B24C6B /* BMKSuggestionSearchOption.h */ = {isa = PBXFileReference; fileEncoding = 4; lastKnownFileType = sourcecode.c.h; path = BMKSuggestionSearchOption.h; sourceTree = "<group>"; };
		A7CED74E1AD650F000B24C6B /* BMKTypes.h */ = {isa = PBXFileReference; fileEncoding = 4; lastKnownFileType = sourcecode.c.h; path = BMKTypes.h; sourceTree = "<group>"; };
		A7CED74F1AD650F000B24C6B /* BMKUserLocation.h */ = {isa = PBXFileReference; fileEncoding = 4; lastKnownFileType = sourcecode.c.h; path = BMKUserLocation.h; sourceTree = "<group>"; };
		A7CED7501AD650F000B24C6B /* BMKUtilsComponent.h */ = {isa = PBXFileReference; fileEncoding = 4; lastKnownFileType = sourcecode.c.h; path = BMKUtilsComponent.h; sourceTree = "<group>"; };
		A7CED7511AD650F000B24C6B /* BMKVersion.h */ = {isa = PBXFileReference; fileEncoding = 4; lastKnownFileType = sourcecode.c.h; path = BMKVersion.h; sourceTree = "<group>"; };
		A7CED7521AD650F000B24C6B /* libbaidumapapi.a */ = {isa = PBXFileReference; lastKnownFileType = archive.ar; path = libbaidumapapi.a; sourceTree = "<group>"; };
		A7CED7531AD650F000B24C6B /* mapapi.bundle */ = {isa = PBXFileReference; lastKnownFileType = "wrapper.plug-in"; path = mapapi.bundle; sourceTree = "<group>"; };
/* End PBXFileReference section */

/* Begin PBXFrameworksBuildPhase section */
		A4E1EABA1A778F1700F0B3CE /* Frameworks */ = {
			isa = PBXFrameworksBuildPhase;
			buildActionMask = 2147483647;
			files = (
				A7CED6DB1AD6509300B24C6B /* libDoCore.a in Frameworks */,
				A7CED7541AD650F000B24C6B /* libbaidumapapi.a in Frameworks */,
			);
			runOnlyForDeploymentPostprocessing = 0;
		};
/* End PBXFrameworksBuildPhase section */

/* Begin PBXGroup section */
		A4917C461A78940200FFB148 /* ext_define */ = {
			isa = PBXGroup;
			children = (
				A7CED6D41AD62E4000B24C6B /* do_BaiduLocation_ISM.h */,
			);
			path = ext_define;
			sourceTree = "<group>";
		};
		A4917C481A78940200FFB148 /* ext_implement */ = {
			isa = PBXGroup;
			children = (
				A7CED6D51AD62E4900B24C6B /* do_BaiduLocation_SM.h */,
				A7CED6D61AD62E4900B24C6B /* do_BaiduLocation_SM.mm */,
			);
			path = ext_implement;
			sourceTree = "<group>";
		};
		A4E1EAB41A778F1700F0B3CE = {
			isa = PBXGroup;
			children = (
				A7CED7131AD650F000B24C6B /* thirdLib */,
				A7CED6DC1AD650C200B24C6B /* Header */,
				A7CED6DA1AD6509300B24C6B /* libDoCore.a */,
				A7CED6D91AD6504E00B24C6B /* mapapi.bundle */,
				A4917C461A78940200FFB148 /* ext_define */,
				A4917C481A78940200FFB148 /* ext_implement */,
				A4E1EADC1A778F8200F0B3CE /* DoBaiduLocation_SM.bundle */,
				A4E1EABE1A778F1700F0B3CE /* Products */,
			);
			sourceTree = "<group>";
		};
		A4E1EABE1A778F1700F0B3CE /* Products */ = {
			isa = PBXGroup;
			children = (
				A4E1EABD1A778F1700F0B3CE /* libDoBaiduLocation_SM.a */,
			);
			name = Products;
			sourceTree = "<group>";
		};
		A7CED6DC1AD650C200B24C6B /* Header */ = {
			isa = PBXGroup;
			children = (
				A7CED6DD1AD650C200B24C6B /* doAssetLaunchImage.h */,
				A7CED6DE1AD650C200B24C6B /* doCallBackTask.h */,
				A7CED6DF1AD650C200B24C6B /* doDefines.h */,
				A7CED6E01AD650C200B24C6B /* doEventCenter.h */,
				A7CED6E11AD650C200B24C6B /* doEventCollection.h */,
				A7CED6E21AD650C200B24C6B /* doFileCacheHelper.h */,
				A7CED6E31AD650C200B24C6B /* doIAnimation.h */,
				A7CED6E41AD650C200B24C6B /* doIApp.h */,
				A7CED6E51AD650C200B24C6B /* doIConfig.h */,
				A7CED6E61AD650C200B24C6B /* doIDataFS.h */,
				A7CED6E71AD650C200B24C6B /* doIDataModule.h */,
				A7CED6E81AD650C200B24C6B /* doIDataSource.h */,
				A7CED6E91AD650C200B24C6B /* doIGlobal.h */,
				A7CED6EA1AD650C200B24C6B /* doIHtmlJavaScript.h */,
				A7CED6EB1AD650C200B24C6B /* doII18NEngine.h */,
				A7CED6EC1AD650C200B24C6B /* doIListData.h */,
				A7CED6ED1AD650C200B24C6B /* doILogEngine.h */,
				A7CED6EE1AD650C200B24C6B /* doIModuleExtManage.h */,
				A7CED6EF1AD650C200B24C6B /* doIMultitonModuleFactory.h */,
				A7CED6F01AD650C200B24C6B /* doIMultitonModuleGroup.h */,
				A7CED6F11AD650C200B24C6B /* doInvokeResult.h */,
				A7CED6F21AD650C200B24C6B /* doIOHelper.h */,
				A7CED6F31AD650C200B24C6B /* doIPage.h */,
				A7CED6F41AD650C200B24C6B /* doIPageFactory.h */,
				A7CED6F51AD650C200B24C6B /* doIPageView.h */,
				A7CED6F61AD650C200B24C6B /* doIPageViewFactory.h */,
				A7CED6F71AD650C200B24C6B /* doIScriptEngine.h */,
				A7CED6F81AD650C200B24C6B /* doIScriptEngineFactory.h */,
				A7CED6F91AD650C200B24C6B /* doIScriptEngineGroup.h */,
				A7CED6FA1AD650C200B24C6B /* doISingletonModuleFactory.h */,
				A7CED6FB1AD650C200B24C6B /* doISingletonModuleGroup.h */,
				A7CED6FC1AD650C200B24C6B /* doISourceFS.h */,
				A7CED6FD1AD650C200B24C6B /* doIUIModuleFactory.h */,
				A7CED6FE1AD650C200B24C6B /* doIUIModuleGroup.h */,
				A7CED6FF1AD650C200B24C6B /* doIUIModuleView.h */,
				A7CED7001AD650C200B24C6B /* doJsonHelper.h */,
				A7CED7011AD650C200B24C6B /* doJsonNode.h */,
				A7CED7021AD650C200B24C6B /* doJsonValue.h */,
				A7CED7031AD650C200B24C6B /* doModule.h */,
				A7CED7041AD650C200B24C6B /* doModuleBase.h */,
				A7CED7051AD650C200B24C6B /* doMultitonModule.h */,
				A7CED7061AD650C200B24C6B /* doProperty.h */,
				A7CED7071AD650C200B24C6B /* doScriptEngineHelper.h */,
				A7CED7081AD650C200B24C6B /* doServiceContainer.h */,
				A7CED7091AD650C200B24C6B /* doSingletonModule.h */,
				A7CED70A1AD650C200B24C6B /* doSingletonModuleHelper.h */,
				A7CED70B1AD650C200B24C6B /* doSourceFile.h */,
				A7CED70C1AD650C200B24C6B /* doStack.h */,
				A7CED70D1AD650C200B24C6B /* doTextHelper.h */,
				A7CED70E1AD650C200B24C6B /* doUIContainer.h */,
				A7CED70F1AD650C200B24C6B /* doUIModule.h */,
				A7CED7101AD650C200B24C6B /* doUIModuleCollection.h */,
				A7CED7111AD650C200B24C6B /* doUIModuleHelper.h */,
				A7CED7121AD650C200B24C6B /* NSData+DoBase64.h */,
			);
			name = Header;
			path = ../../../../IOS/doLib/doCore/Header;
			sourceTree = "<group>";
		};
		A7CED7131AD650F000B24C6B /* thirdLib */ = {
			isa = PBXGroup;
			children = (
				A7CED7141AD650F000B24C6B /* inc */,
				A7CED7521AD650F000B24C6B /* libbaidumapapi.a */,
				A7CED7531AD650F000B24C6B /* mapapi.bundle */,
			);
			name = thirdLib;
			path = ../../doDebuger/doDebuger/thirdLib;
			sourceTree = "<group>";
		};
		A7CED7141AD650F000B24C6B /* inc */ = {
			isa = PBXGroup;
			children = (
				A7CED7151AD650F000B24C6B /* BMapKit.h */,
				A7CED7161AD650F000B24C6B /* BMKActionPaopaoView.h */,
				A7CED7171AD650F000B24C6B /* BMKAnnotation.h */,
				A7CED7181AD650F000B24C6B /* BMKAnnotationView.h */,
				A7CED7191AD650F000B24C6B /* BMKArcline.h */,
				A7CED71A1AD650F000B24C6B /* BMKArclineView.h */,
				A7CED71B1AD650F000B24C6B /* BMKBaseComponent.h */,
				A7CED71C1AD650F000B24C6B /* BMKBusLineSearch.h */,
				A7CED71D1AD650F000B24C6B /* BMKBusLineSearchOption.h */,
				A7CED71E1AD650F000B24C6B /* BMKCircle.h */,
				A7CED71F1AD650F000B24C6B /* BMKCircleView.h */,
				A7CED7201AD650F000B24C6B /* BMKCloudPOIList.h */,
				A7CED7211AD650F000B24C6B /* BMKCloudSearch.h */,
				A7CED7221AD650F000B24C6B /* BMKCloudSearchComponent.h */,
				A7CED7231AD650F000B24C6B /* BMKCloudSearchInfo.h */,
				A7CED7241AD650F000B24C6B /* BMKGeneralDelegate.h */,
				A7CED7251AD650F000B24C6B /* BMKGeocodeSearch.h */,
				A7CED7261AD650F000B24C6B /* BMKGeocodeSearchOption.h */,
				A7CED7271AD650F000B24C6B /* BMKGeocodeType.h */,
				A7CED7281AD650F000B24C6B /* BMKGeometry.h */,
				A7CED7291AD650F000B24C6B /* BMKGradient.h */,
				A7CED72A1AD650F000B24C6B /* BMKGroundOverlay.h */,
				A7CED72B1AD650F000B24C6B /* BMKGroundOverlayView.h */,
				A7CED72C1AD650F000B24C6B /* BMKHeatMap.h */,
				A7CED72D1AD650F000B24C6B /* BMKLocationComponent.h */,
				A7CED72E1AD650F000B24C6B /* BMKLocationService.h */,
				A7CED72F1AD650F000B24C6B /* BMKLocationViewDisplayParam.h */,
				A7CED7301AD650F000B24C6B /* BMKMapComponent.h */,
				A7CED7311AD650F000B24C6B /* BMKMapManager.h */,
				A7CED7321AD650F000B24C6B /* BMKMapStatus.h */,
				A7CED7331AD650F000B24C6B /* BMKMapView.h */,
				A7CED7341AD650F000B24C6B /* BMKMultiPoint.h */,
				A7CED7351AD650F000B24C6B /* BMKNavigation.h */,
				A7CED7361AD650F000B24C6B /* BMKOfflineMap.h */,
				A7CED7371AD650F000B24C6B /* BMKOfflineMapType.h */,
				A7CED7381AD650F000B24C6B /* BMKOverlay.h */,
				A7CED7391AD650F000B24C6B /* BMKOverlayGLBasicView.h */,
				A7CED73A1AD650F000B24C6B /* BMKOverlayPathView.h */,
				A7CED73B1AD650F000B24C6B /* BMKOverlayView.h */,
				A7CED73C1AD650F000B24C6B /* BMKPinAnnotationView.h */,
				A7CED73D1AD650F000B24C6B /* BMKPointAnnotation.h */,
				A7CED73E1AD650F000B24C6B /* BMKPoiSearch.h */,
				A7CED73F1AD650F000B24C6B /* BMKPoiSearchOption.h */,
				A7CED7401AD650F000B24C6B /* BMKPoiSearchType.h */,
				A7CED7411AD650F000B24C6B /* BMKPolygon.h */,
				A7CED7421AD650F000B24C6B /* BMKPolygonView.h */,
				A7CED7431AD650F000B24C6B /* BMKPolyline.h */,
				A7CED7441AD650F000B24C6B /* BMKPolylineView.h */,
				A7CED7451AD650F000B24C6B /* BMKRouteSearch.h */,
				A7CED7461AD650F000B24C6B /* BMKRouteSearchOption.h */,
				A7CED7471AD650F000B24C6B /* BMKRouteSearchType.h */,
				A7CED7481AD650F000B24C6B /* BMKSearchComponent.h */,
				A7CED7491AD650F000B24C6B /* BMKShape.h */,
				A7CED74A1AD650F000B24C6B /* BMKShareURLSearch.h */,
				A7CED74B1AD650F000B24C6B /* BMKShareUrlSearchOption.h */,
				A7CED74C1AD650F000B24C6B /* BMKSuggestionSearch.h */,
				A7CED74D1AD650F000B24C6B /* BMKSuggestionSearchOption.h */,
				A7CED74E1AD650F000B24C6B /* BMKTypes.h */,
				A7CED74F1AD650F000B24C6B /* BMKUserLocation.h */,
				A7CED7501AD650F000B24C6B /* BMKUtilsComponent.h */,
				A7CED7511AD650F000B24C6B /* BMKVersion.h */,
			);
			path = inc;
			sourceTree = "<group>";
		};
/* End PBXGroup section */

/* Begin PBXNativeTarget section */
		A4E1EABC1A778F1700F0B3CE /* DoBaiduLocation_SM */ = {
			isa = PBXNativeTarget;
			buildConfigurationList = A4E1EAD11A778F1700F0B3CE /* Build configuration list for PBXNativeTarget "DoBaiduLocation_SM" */;
			buildPhases = (
				A4E1EAB91A778F1700F0B3CE /* Sources */,
				A4E1EABA1A778F1700F0B3CE /* Frameworks */,
				A4E1EABB1A778F1700F0B3CE /* CopyFiles */,
			);
			buildRules = (
			);
			dependencies = (
			);
			name = DoBaiduLocation_SM;
			productName = DoExt_SM;
			productReference = A4E1EABD1A778F1700F0B3CE /* libDoBaiduLocation_SM.a */;
			productType = "com.apple.product-type.library.static";
		};
/* End PBXNativeTarget section */

/* Begin PBXProject section */
		A4E1EAB51A778F1700F0B3CE /* Project object */ = {
			isa = PBXProject;
			attributes = {
				LastUpgradeCheck = 0610;
				ORGANIZATIONNAME = DoExt;
				TargetAttributes = {
					A4E1EABC1A778F1700F0B3CE = {
						CreatedOnToolsVersion = 6.1;
					};
				};
			};
			buildConfigurationList = A4E1EAB81A778F1700F0B3CE /* Build configuration list for PBXProject "DoBaiduLocation_SM" */;
			compatibilityVersion = "Xcode 3.2";
			developmentRegion = English;
			hasScannedForEncodings = 0;
			knownRegions = (
				en,
			);
			mainGroup = A4E1EAB41A778F1700F0B3CE;
			productRefGroup = A4E1EABE1A778F1700F0B3CE /* Products */;
			projectDirPath = "";
			projectRoot = "";
			targets = (
				A4E1EABC1A778F1700F0B3CE /* DoBaiduLocation_SM */,
			);
		};
/* End PBXProject section */

/* Begin PBXSourcesBuildPhase section */
		A4E1EAB91A778F1700F0B3CE /* Sources */ = {
			isa = PBXSourcesBuildPhase;
			buildActionMask = 2147483647;
			files = (
				A7CED6D71AD62E4900B24C6B /* do_BaiduLocation_SM.mm in Sources */,
			);
			runOnlyForDeploymentPostprocessing = 0;
		};
/* End PBXSourcesBuildPhase section */

/* Begin XCBuildConfiguration section */
		A4E1EACF1A778F1700F0B3CE /* Debug */ = {
			isa = XCBuildConfiguration;
			buildSettings = {
				ALWAYS_SEARCH_USER_PATHS = NO;
				CLANG_CXX_LANGUAGE_STANDARD = "gnu++0x";
				CLANG_CXX_LIBRARY = "libc++";
				CLANG_ENABLE_MODULES = YES;
				CLANG_ENABLE_OBJC_ARC = YES;
				CLANG_WARN_BOOL_CONVERSION = YES;
				CLANG_WARN_CONSTANT_CONVERSION = YES;
				CLANG_WARN_DIRECT_OBJC_ISA_USAGE = YES_ERROR;
				CLANG_WARN_EMPTY_BODY = YES;
				CLANG_WARN_ENUM_CONVERSION = YES;
				CLANG_WARN_INT_CONVERSION = YES;
				CLANG_WARN_OBJC_ROOT_CLASS = YES_ERROR;
				CLANG_WARN_UNREACHABLE_CODE = YES;
				CLANG_WARN__DUPLICATE_METHOD_MATCH = YES;
				COPY_PHASE_STRIP = NO;
				ENABLE_STRICT_OBJC_MSGSEND = YES;
				GCC_C_LANGUAGE_STANDARD = gnu99;
				GCC_DYNAMIC_NO_PIC = NO;
				GCC_OPTIMIZATION_LEVEL = 0;
				GCC_PREPROCESSOR_DEFINITIONS = (
					"DEBUG=1",
					"$(inherited)",
				);
				GCC_SYMBOLS_PRIVATE_EXTERN = NO;
				GCC_WARN_64_TO_32_BIT_CONVERSION = YES;
				GCC_WARN_ABOUT_RETURN_TYPE = YES_ERROR;
				GCC_WARN_UNDECLARED_SELECTOR = YES;
				GCC_WARN_UNINITIALIZED_AUTOS = YES_AGGRESSIVE;
				GCC_WARN_UNUSED_FUNCTION = YES;
				GCC_WARN_UNUSED_VARIABLE = YES;
				IPHONEOS_DEPLOYMENT_TARGET = 8.1;
				MTL_ENABLE_DEBUG_INFO = YES;
				ONLY_ACTIVE_ARCH = YES;
				SDKROOT = iphoneos;
				TARGETED_DEVICE_FAMILY = "1,2";
			};
			name = Debug;
		};
		A4E1EAD01A778F1700F0B3CE /* Release */ = {
			isa = XCBuildConfiguration;
			buildSettings = {
				ALWAYS_SEARCH_USER_PATHS = NO;
				CLANG_CXX_LANGUAGE_STANDARD = "gnu++0x";
				CLANG_CXX_LIBRARY = "libc++";
				CLANG_ENABLE_MODULES = YES;
				CLANG_ENABLE_OBJC_ARC = YES;
				CLANG_WARN_BOOL_CONVERSION = YES;
				CLANG_WARN_CONSTANT_CONVERSION = YES;
				CLANG_WARN_DIRECT_OBJC_ISA_USAGE = YES_ERROR;
				CLANG_WARN_EMPTY_BODY = YES;
				CLANG_WARN_ENUM_CONVERSION = YES;
				CLANG_WARN_INT_CONVERSION = YES;
				CLANG_WARN_OBJC_ROOT_CLASS = YES_ERROR;
				CLANG_WARN_UNREACHABLE_CODE = YES;
				CLANG_WARN__DUPLICATE_METHOD_MATCH = YES;
				COPY_PHASE_STRIP = YES;
				ENABLE_NS_ASSERTIONS = NO;
				ENABLE_STRICT_OBJC_MSGSEND = YES;
				GCC_C_LANGUAGE_STANDARD = gnu99;
				GCC_WARN_64_TO_32_BIT_CONVERSION = YES;
				GCC_WARN_ABOUT_RETURN_TYPE = YES_ERROR;
				GCC_WARN_UNDECLARED_SELECTOR = YES;
				GCC_WARN_UNINITIALIZED_AUTOS = YES_AGGRESSIVE;
				GCC_WARN_UNUSED_FUNCTION = YES;
				GCC_WARN_UNUSED_VARIABLE = YES;
				IPHONEOS_DEPLOYMENT_TARGET = 8.1;
				MTL_ENABLE_DEBUG_INFO = NO;
				SDKROOT = iphoneos;
				TARGETED_DEVICE_FAMILY = "1,2";
				VALIDATE_PRODUCT = YES;
			};
			name = Release;
		};
		A4E1EAD21A778F1700F0B3CE /* Debug */ = {
			isa = XCBuildConfiguration;
			buildSettings = {
				IPHONEOS_DEPLOYMENT_TARGET = 7.0;
				LIBRARY_SEARCH_PATHS = (
					../doLib/doCore,
					/Users/guoxj/Desktop/IOS/doLib/doCore,
					"/Users/guoxj/Desktop/work/ios-deviceone/doDebuger/doDebuger/thirdLib",
				);
				ONLY_ACTIVE_ARCH = NO;
				OTHER_LDFLAGS = "-ObjC";
				PRODUCT_NAME = DoBaiduLocation_SM;
				PROVISIONING_PROFILE = "059031d4-342c-4a8c-8e77-14dff928bb50";
				SKIP_INSTALL = YES;
				TARGETED_DEVICE_FAMILY = "1,2";
				USER_HEADER_SEARCH_PATHS = ../doLib/doCore/Header;
			};
			name = Debug;
		};
		A4E1EAD31A778F1700F0B3CE /* Release */ = {
			isa = XCBuildConfiguration;
			buildSettings = {
				IPHONEOS_DEPLOYMENT_TARGET = 7.0;
				LIBRARY_SEARCH_PATHS = (
					../doLib/doCore,
					/Users/guoxj/Desktop/IOS/doLib/doCore,
					"/Users/guoxj/Desktop/work/ios-deviceone/doDebuger/doDebuger/thirdLib",
				);
				ONLY_ACTIVE_ARCH = NO;
				OTHER_LDFLAGS = "-ObjC";
				PRODUCT_NAME = DoBaiduLocation_SM;
				PROVISIONING_PROFILE = "059031d4-342c-4a8c-8e77-14dff928bb50";
				SKIP_INSTALL = YES;
				TARGETED_DEVICE_FAMILY = "1,2";
				USER_HEADER_SEARCH_PATHS = ../doLib/doCore/Header;
			};
			name = Release;
		};
/* End XCBuildConfiguration section */

/* Begin XCConfigurationList section */
		A4E1EAB81A778F1700F0B3CE /* Build configuration list for PBXProject "DoBaiduLocation_SM" */ = {
			isa = XCConfigurationList;
			buildConfigurations = (
				A4E1EACF1A778F1700F0B3CE /* Debug */,
				A4E1EAD01A778F1700F0B3CE /* Release */,
			);
			defaultConfigurationIsVisible = 0;
			defaultConfigurationName = Release;
		};
		A4E1EAD11A778F1700F0B3CE /* Build configuration list for PBXNativeTarget "DoBaiduLocation_SM" */ = {
			isa = XCConfigurationList;
			buildConfigurations = (
				A4E1EAD21A778F1700F0B3CE /* Debug */,
				A4E1EAD31A778F1700F0B3CE /* Release */,
			);
			defaultConfigurationIsVisible = 0;
			defaultConfigurationName = Release;
		};
/* End XCConfigurationList section */
	};
	rootObject = A4E1EAB51A778F1700F0B3CE /* Project object */;
}
